{
  "name": "pingvin-share-x",
  "version": "2.0.0-beta.0",
  "lockfileVersion": 3,
  "requires": true,
  "packages": {
    "": {
      "name": "pingvin-share-x",
      "version": "2.0.0-beta.0",
      "devDependencies": {
        "conventional-changelog": "^8.1.3",
        "conventional-changelog-conventionalcommits": "^10.3.0"
      }
    },
    "node_modules/@conventional-changelog/git-client": {
      "version": "3.1.2",
      "resolved": "https://registry.npmjs.org/@conventional-changelog/git-client/-/git-client-3.1.2.tgz",
      "integrity": "sha512-jZqwnJwf7nboIlAcw/mkOjVa6DexCcUOgT2oOQgkoi3z9vR8tGFkcMy2BFcYwjhL9sYcDDXkRQDayiDieCoW7A==",
      "dev": true,
      "license": "MIT",
      "dependencies": {
        "@simple-libs/child-process-utils": "^2.0.0",
        "@simple-libs/stream-utils": "^2.0.0",
        "semver": "^7.5.2"
      },
      "engines": {
        "node": ">=22"
      },
      "peerDependencies": {
        "conventional-commits-filter": "^6.0.1",
        "conventional-commits-parser": "^7.1.2"
      },
      "peerDependenciesMeta": {
        "conventional-commits-filter": {
          "optional": true
        },
        "conventional-commits-parser": {
          "optional": true
        }
      }
    },
    "node_modules/@conventional-changelog/template": {
      "version": "1.3.0",
      "resolved": "https://registry.npmjs.org/@conventional-changelog/template/-/template-1.3.0.tgz",
      "integrity": "sha512-GsCw/qu92GI0EX6s7fxUi/SG1lmFjG9XZivxxEDZXqztuQKCn5o5wKdz4v005zci0Md7EZzgAwmQLoIEDZoaow==",
      "dev": true,
      "license": "MIT",
      "engines": {
        "node": ">=22"
      }
    },
    "node_modules/@simple-libs/child-process-utils": {
      "version": "2.0.0",
      "resolved": "https://registry.npmjs.org/@simple-libs/child-process-utils/-/child-process-utils-2.0.0.tgz",
      "integrity": "sha512-dvNoRKLijXnD0XoJAz94pbNuB5GQgDr55UhpSPhffDkTT0Cmcqh9jSCOtwfT2d4H6MI9E7c4SgtMuJXZ6F3c6A==",
      "dev": true,
      "license": "MIT",
      "dependencies": {
        "@simple-libs/stream-utils": "^2.0.0"
      },
      "engines": {
        "node": ">=22"
      },
      "funding": {
        "url": "https://ko-fi.com/dangreen"
      }
    },
    "node_modules/@simple-libs/hosted-git-info": {
      "version": "2.0.0",
      "resolved": "https://registry.npmjs.org/@simple-libs/hosted-git-info/-/hosted-git-info-2.0.0.tgz",
      "integrity": "sha512-55XwK/GYgV58PuN8lZFhI1qRxdKoMLJocXl/yM1EPqazFDmM4QWY7q6BxPCPDNKTNunj794DSD4h0H7SrqUdMg==",
      "dev": true,
      "license": "MIT",
      "engines": {
        "node": ">=22"
      },
      "funding": {
        "url": "https://ko-fi.com/dangreen"
      }
    },
    "node_modules/@simple-libs/normalize-package-data": {
      "version": "1.0.0",
      "resolved": "https://registry.npmjs.org/@simple-libs/normalize-package-data/-/normalize-package-data-1.0.0.tgz",
      "integrity": "sha512-/EOmFBekV9tGee8gac/k+5Ox3twkypNqh5TfxA9vTkmcJkjm6f1xqrlstDNOrEhTvnYyVtU6Du2ZhY/IV1+9GA==",
      "dev": true,
      "license": "MIT",
      "dependencies": {
        "@simple-libs/hosted-git-info": "^2.0.0",
        "semver": "^7.8.5"
      },
      "engines": {
        "node": ">=22"
      },
      "funding": {
        "url": "https://ko-fi.com/dangreen"
      }
    },
    "node_modules/@simple-libs/stream-utils": {
      "version": "2.0.0",
      "resolved": "https://registry.npmjs.org/@simple-libs/stream-utils/-/stream-utils-2.0.0.tgz",
      "integrity": "sha512-fCTuZK4QBa+39Oz9l4OGfJfz+GpwCp3AqO7Zch3to99xHPgstVsRFpeQ8LNd2o1Gv8raL2mCFwiaHh7bFSp5DQ==",
      "dev": true,
      "license": "MIT",
      "engines": {
        "node": ">=22"
      },
      "funding": {
        "url": "https://ko-fi.com/dangreen"
      }
    },
    "node_modules/argue-cli": {
      "version": "3.1.0",
      "resolved": "https://registry.npmjs.org/argue-cli/-/argue-cli-3.1.0.tgz",
      "integrity": "sha512-DhBpBfXL4SS2uC0N922MMajKR3CdrTG0u2or1PNYgXMsrSzViJrbtvT0nCLlLGUI0plam/ZZCs7aAauHtW9thw==",
      "dev": true,
      "license": "MIT",
      "engines": {
        "node": ">=22"
      },
      "funding": {
        "url": "https://ko-fi.com/dangreen"
      }
    },
    "node_modules/conventional-changelog": {
      "version": "8.1.3",
      "resolved": "https://registry.npmjs.org/conventional-changelog/-/conventional-changelog-8.1.3.tgz",
      "integrity": "sha512-fOMwLCxm46znJKPB08jLxl1FD8SOZOQHktlzCVhvhhVUfq0KgQSryoYXsRRHs1aRlZPR1/QK5wztnY8sBNC2AA==",
      "dev": true,
      "license": "MIT",
      "dependencies": {
        "@conventional-changelog/git-client": "^3.1.2",
        "@simple-libs/hosted-git-info": "^2.0.0",
        "@simple-libs/normalize-package-data": "^1.0.0",
        "argue-cli": "^3.1.0",
        "conventional-changelog-preset-loader": "^6.0.1",
        "conventional-changelog-writer": "^9.2.1",
        "conventional-commits-filter": "^6.0.1",
        "conventional-commits-parser": "^7.1.2",
        "fd-package-json": "^2.0.0"
      },
      "bin": {
        "conventional-changelog": "dist/cli/index.js"
      },
      "engines": {
        "node": ">=22"
      }
    },
    "node_modules/conventional-changelog-conventionalcommits": {
      "version": "10.3.0",
      "resolved": "https://registry.npmjs.org/conventional-changelog-conventionalcommits/-/conventional-changelog-conventionalcommits-10.3.0.tgz",
      "integrity": "sha512-qag0zFD867Qq1DK0jAWicyWlEMS1FFC/BLVLISaoeI7Y6Em6aWchk7BCkhOTsecRpMsV6qX41XmlNnghiiTmSw==",
      "dev": true,
      "license": "ISC",
      "dependencies": {
        "@conventional-changelog/template": "^1.3.0"
      },
      "engines": {
        "node": ">=22"
      }
    },
    "node_modules/conventional-changelog-preset-loader": {
      "version": "6.0.1",
      "resolved": "https://registry.npmjs.org/conventional-changelog-preset-loader/-/conventional-changelog-preset-loader-6.0.1.tgz",
      "integrity": "sha512-GZ8E3RQzXQb3JFy0pKl8oeSf7ENIhvAMvJr+PlWkavZOesLHHdhkfNJ4SvW35eo1Fu2+EyVxWQ1tVvtzAG2iWg==",
      "dev": true,
      "license": "MIT",
      "engines": {
        "node": ">=22"
      }
    },
    "node_modules/conventional-changelog-writer": {
      "version": "9.2.1",
      "resolved": "https://registry.npmjs.org/conventional-changelog-writer/-/conventional-changelog-writer-9.2.1.tgz",
      "integrity": "sha512-StlYSmW3wLedRaqohJMpP3YuWiAqtgD0/cpsai9frdDkXv7rxj0hRbpJrubPYvJxJsjplONsOobEQnPuS9UgCg==",
      "dev": true,
      "license": "MIT",
      "dependencies": {
        "@conventional-changelog/template": "^1.3.0",
        "@simple-libs/stream-utils": "^2.0.0",
        "argue-cli": "^3.1.0",
        "conventional-commits-filter": "^6.0.1",
        "semver": "^7.5.2"
      },
      "bin": {
        "conventional-changelog-writer": "dist/cli/index.js"
      },
      "engines": {
        "node": ">=22"
      }
    },
    "node_modules/conventional-commits-filter": {
      "version": "6.0.1",
      "resolved": "https://registry.npmjs.org/conventional-commits-filter/-/conventional-commits-filter-6.0.1.tgz",
      "integrity": "sha512-cs+LadpH7Kpw0M3k8wurk+sOVVDAENA0iK4OBOrkL94j5lEVYRJ4j3zd2bhY9qgzyrPqthdcYT3axzRN7AliMg==",
      "dev": true,
      "license": "MIT",
      "engines": {
        "node": ">=22"
      }
    },
    "node_modules/conventional-commits-parser": {
      "version": "7.1.2",
      "resolved": "https://registry.npmjs.org/conventional-commits-parser/-/conventional-commits-parser-7.1.2.tgz",
      "integrity": "sha512-O+x4N2yH+ijvqWlIyTHsXTAP+algNWgGbjY2duCe8w2vUMvUB95cLRslCPfTMQyLAKlet3bhZTdu6ozn4M+QJQ==",
      "dev": true,
      "license": "MIT",
      "dependencies": {
        "@simple-libs/stream-utils": "^2.0.0",
        "argue-cli": "^3.1.0"
      },
      "bin": {
        "conventional-commits-parser": "dist/cli/index.js"
      },
      "engines": {
        "node": ">=22"
      }
    },
    "node_modules/fd-package-json": {
      "version": "2.0.0",
      "resolved": "https://registry.npmjs.org/fd-package-json/-/fd-package-json-2.0.0.tgz",
      "integrity": "sha512-jKmm9YtsNXN789RS/0mSzOC1NUq9mkVd65vbSSVsKdjGvYXBuE4oWe2QOEoFeRmJg+lPuZxpmrfFclNhoRMneQ==",
      "dev": true,
      "license": "MIT",
      "dependencies": {
        "walk-up-path": "^4.0.0"
      }
    },
    "node_modules/semver": {
      "version": "7.8.5",
      "resolved": "https://registry.npmjs.org/semver/-/semver-7.8.5.tgz",
      "integrity": "sha512-Y7/KDsb8LjooZpwaqGyulO6DQlksgCncchHGk+sZIY4SBvUocMBEFH5Ur1fI4dV+Jvl0w6cjvucaIi40puRioA==",
      "dev": true,
      "license": "ISC",
      "bin": {
        "semver": "bin/semver.js"
      },
      "engines": {
        "node": ">=10"
      }
    },
    "node_modules/walk-up-path": {
      "version": "4.0.0",
      "resolved": "https://registry.npmjs.org/walk-up-path/-/walk-up-path-4.0.0.tgz",
      "integrity": "sha512-3hu+tD8YzSLGuFYtPRb48vdhKMi0KQV5sn+uWr8+7dMEq/2G/dtLrdDinkLjqq5TIbIBjYJ4Ax/n3YiaW7QM8A==",
      "dev": true,
      "license": "ISC",
      "engines": {
        "node": "20 || >=22"
      }
    }
  }
}
